
Microsoft Visual Studio Solution File, Format Version 12.00
# Visual Studio Version 17
VisualStudioVersion = 17.6.33815.320
MinimumVisualStudioVersion = 10.0.40219.1
Project("{FAE04EC0-301F-11D3-BF4B-00C04F79EFBC}") = "zadanie lab 1", "zadanie lab 1\zadanie lab 1.csproj", "{FFE88F95-5B80-4718-AF9D-95C4DF344EEC}"
EndProject
Global
	GlobalSection(SolutionConfigurationPlatforms) = preSolution
		Debug|Any CPU = Debug|Any CPU
		Release|Any CPU = Release|Any CPU
	EndGlobalSection
	GlobalSection(ProjectConfigurationPlatforms) = postSolution
		{FFE88F95-5B80-4718-AF9D-95C4DF344EEC}.Debug|Any CPU.ActiveCfg = Debug|Any CPU
		{FFE88F95-5B80-4718-AF9D-95C4DF344EEC}.Debug|Any CPU.Build.0 = Debug|Any CPU
		{FFE88F95-5B80-4718-AF9D-95C4DF344EEC}.Release|Any CPU.ActiveCfg = Release|Any CPU
		{FFE88F95-5B80-4718-AF9D-95C4DF344EEC}.Release|Any CPU.Build.0 = Release|Any CPU
	EndGlobalSection
	GlobalSection(SolutionProperties) = preSolution
		HideSolutionNode = FALSE
	EndGlobalSection
	GlobalSection(ExtensibilityGlobals) = postSolution
		SolutionGuid = {481D8451-EEA1-4D25-B724-FE1718C13A5F}
	EndGlobalSection
EndGlobal
